
Microsoft Visual Studio Solution File, Format Version 12.00
# Visual Studio Version 17
VisualStudioVersion = 17.5.33502.453
MinimumVisualStudioVersion = 10.0.40219.1
Project("{FAE04EC0-301F-11D3-BF4B-00C04F79EFBC}") = "LAB2", "LAB2.csproj", "{412CE06F-87A6-441F-B35C-F22DD68C5FED}"
EndProject
Global
	GlobalSection(SolutionConfigurationPlatforms) = preSolution
		Debug|Any CPU = Debug|Any CPU
		Release|Any CPU = Release|Any CPU
	EndGlobalSection
	GlobalSection(ProjectConfigurationPlatforms) = postSolution
		{412CE06F-87A6-441F-B35C-F22DD68C5FED}.Debug|Any CPU.ActiveCfg = Debug|Any CPU
		{412CE06F-87A6-441F-B35C-F22DD68C5FED}.Debug|Any CPU.Build.0 = Debug|Any CPU
		{412CE06F-87A6-441F-B35C-F22DD68C5FED}.Release|Any CPU.ActiveCfg = Release|Any CPU
		{412CE06F-87A6-441F-B35C-F22DD68C5FED}.Release|Any CPU.Build.0 = Release|Any CPU
	EndGlobalSection
	GlobalSection(SolutionProperties) = preSolution
		HideSolutionNode = FALSE
	EndGlobalSection
	GlobalSection(ExtensibilityGlobals) = postSolution
		SolutionGuid = {B6E85295-8B66-4501-B644-196F5E77BC91}
	EndGlobalSection
EndGlobal
